
Microsoft Visual Studio Solution File, Format Version 12.00
# Visual Studio Version 17
VisualStudioVersion = 17.8.34330.188
MinimumVisualStudioVersion = 10.0.40219.1
Project("{FAE04EC0-301F-11D3-BF4B-00C04F79EFBC}") = "ConsoleApp12", "ConsoleApp12\ConsoleApp12.csproj", "{F9243219-F995-44A8-89D1-DF05B0044DB5}"
EndProject
Global
	GlobalSection(SolutionConfigurationPlatforms) = preSolution
		Debug|Any CPU = Debug|Any CPU
		Release|Any CPU = Release|Any CPU
	EndGlobalSection
	GlobalSection(ProjectConfigurationPlatforms) = postSolution
		{F9243219-F995-44A8-89D1-DF05B0044DB5}.Debug|Any CPU.ActiveCfg = Debug|Any CPU
		{F9243219-F995-44A8-89D1-DF05B0044DB5}.Debug|Any CPU.Build.0 = Debug|Any CPU
		{F9243219-F995-44A8-89D1-DF05B0044DB5}.Release|Any CPU.ActiveCfg = Release|Any CPU
		{F9243219-F995-44A8-89D1-DF05B0044DB5}.Release|Any CPU.Build.0 = Release|Any CPU
	EndGlobalSection
	GlobalSection(SolutionProperties) = preSolution
		HideSolutionNode = FALSE
	EndGlobalSection
	GlobalSection(ExtensibilityGlobals) = postSolution
		SolutionGuid = {94A487B7-2E66-4B2D-81A0-7F7140C39941}
	EndGlobalSection
EndGlobal
